
Microsoft Visual Studio Solution File, Format Version 12.00
# Visual Studio Version 17
VisualStudioVersion = 17.7.34031.279
MinimumVisualStudioVersion = 10.0.40219.1
Project("{9A19103F-16F7-4668-BE54-9A1E7A4F7556}") = "StudentManagement", "StudentManagement\StudentManagement.csproj", "{70F1C72E-DE09-48D5-8AA7-9F39DF5CD5BB}"
EndProject
Project("{9A19103F-16F7-4668-BE54-9A1E7A4F7556}") = "StudentManagement.Dal", "StudentManagement.Dal\StudentManagement.Dal.csproj", "{9225858C-41BB-4694-B325-871CD13D4C9F}"
EndProject
Global
	GlobalSection(SolutionConfigurationPlatforms) = preSolution
		Debug|Any CPU = Debug|Any CPU
		Release|Any CPU = Release|Any CPU
	EndGlobalSection
	GlobalSection(ProjectConfigurationPlatforms) = postSolution
		{70F1C72E-DE09-48D5-8AA7-9F39DF5CD5BB}.Debug|Any CPU.ActiveCfg = Debug|Any CPU
		{70F1C72E-DE09-48D5-8AA7-9F39DF5CD5BB}.Debug|Any CPU.Build.0 = Debug|Any CPU
		{70F1C72E-DE09-48D5-8AA7-9F39DF5CD5BB}.Release|Any CPU.ActiveCfg = Release|Any CPU
		{70F1C72E-DE09-48D5-8AA7-9F39DF5CD5BB}.Release|Any CPU.Build.0 = Release|Any CPU
		{9225858C-41BB-4694-B325-871CD13D4C9F}.Debug|Any CPU.ActiveCfg = Debug|Any CPU
		{9225858C-41BB-4694-B325-871CD13D4C9F}.Debug|Any CPU.Build.0 = Debug|Any CPU
		{9225858C-41BB-4694-B325-871CD13D4C9F}.Release|Any CPU.ActiveCfg = Release|Any CPU
		{9225858C-41BB-4694-B325-871CD13D4C9F}.Release|Any CPU.Build.0 = Release|Any CPU
	EndGlobalSection
	GlobalSection(SolutionProperties) = preSolution
		HideSolutionNode = FALSE
	EndGlobalSection
	GlobalSection(ExtensibilityGlobals) = postSolution
		SolutionGuid = {5043F945-241C-4EC0-A31C-C8DBC8305922}
	EndGlobalSection
EndGlobal
